
Microsoft Visual Studio Solution File, Format Version 12.00
# Visual Studio Version 17
VisualStudioVersion = 17.14.36203.30 d17.14
MinimumVisualStudioVersion = 10.0.40219.1
Project("{FAE04EC0-301F-11D3-BF4B-00C04F79EFBC}") = "BootEshop", "BootEshop\BootEshop.csproj", "{E5369876-A32D-4E85-8A62-53280562E91F}"
EndProject
Project("{FAE04EC0-301F-11D3-BF4B-00C04F79EFBC}") = "Database", "Database\Database.csproj", "{7A0B30DD-6CB3-444B-BA10-F89E608FD018}"
EndProject
Global
	GlobalSection(SolutionConfigurationPlatforms) = preSolution
		Debug|Any CPU = Debug|Any CPU
		Release|Any CPU = Release|Any CPU
	EndGlobalSection
	GlobalSection(ProjectConfigurationPlatforms) = postSolution
		{E5369876-A32D-4E85-8A62-53280562E91F}.Debug|Any CPU.ActiveCfg = Debug|Any CPU
		{E5369876-A32D-4E85-8A62-53280562E91F}.Debug|Any CPU.Build.0 = Debug|Any CPU
		{E5369876-A32D-4E85-8A62-53280562E91F}.Release|Any CPU.ActiveCfg = Release|Any CPU
		{E5369876-A32D-4E85-8A62-53280562E91F}.Release|Any CPU.Build.0 = Release|Any CPU
		{7A0B30DD-6CB3-444B-BA10-F89E608FD018}.Debug|Any CPU.ActiveCfg = Debug|Any CPU
		{7A0B30DD-6CB3-444B-BA10-F89E608FD018}.Debug|Any CPU.Build.0 = Debug|Any CPU
		{7A0B30DD-6CB3-444B-BA10-F89E608FD018}.Release|Any CPU.ActiveCfg = Release|Any CPU
		{7A0B30DD-6CB3-444B-BA10-F89E608FD018}.Release|Any CPU.Build.0 = Release|Any CPU
	EndGlobalSection
	GlobalSection(SolutionProperties) = preSolution
		HideSolutionNode = FALSE
	EndGlobalSection
	GlobalSection(ExtensibilityGlobals) = postSolution
		SolutionGuid = {4576B13F-0346-4520-B074-30DA9900A680}
	EndGlobalSection
EndGlobal
