{
  "name": "BootEshop",
  "lockfileVersion": 3,
  "requires": true,
  "packages": {
    "": {
      "dependencies": {
        "bootstrap-icons": "^1.13.1",
        "carousel": "^0.0.3"
      }
    },
    "node_modules/bootstrap-icons": {
      "version": "1.13.1",
      "resolved": "https://registry.npmjs.org/bootstrap-icons/-/bootstrap-icons-1.13.1.tgz",
      "integrity": "sha512-ijombt4v6bv5CLeXvRWKy7CuM3TRTuPEuGaGKvTV5cz65rQSY8RQ2JcHt6b90cBBAC7s8fsf2EkQDldzCoXUjw==",
      "funding": [
        {
          "type": "github",
          "url": "https://github.com/sponsors/twbs"
        },
        {
          "type": "opencollective",
          "url": "https://opencollective.com/bootstrap"
        }
      ],
      "license": "MIT"
    },
    "node_modules/carousel": {
      "version": "0.0.3",
      "resolved": "https://registry.npmjs.org/carousel/-/carousel-0.0.3.tgz",
      "integrity": "sha512-7/6BwcKV4vepSCpurqJxTJlcigZAjU+RdhyRcye1RNEU/a8N8k7/jprMa7DGcVvP+A8xaHHvWqWq2qygJr1jcw==",
      "license": "MIT",
      "dependencies": {
        "domready": "~0.2.12"
      }
    },
    "node_modules/domready": {
      "version": "0.2.13",
      "resolved": "https://registry.npmjs.org/domready/-/domready-0.2.13.tgz",
      "integrity": "sha512-32G1m2FCiSLdxRVnamVdMVpgpSyE4aesx8Bof8Usm6dGpq+19PAXFtrKWWRYJoaSIfwTVTHV5wlQyyZ4aHhauA=="
    }
  }
}
